
Microsoft Visual Studio Solution File, Format Version 12.00
# Visual Studio Version 17
VisualStudioVersion = 17.0.31903.59
MinimumVisualStudioVersion = 10.0.40219.1
Project("{2150E333-8FDC-42A3-9474-1A3956D46DE8}") = "src", "src", "{E91BA501-8B5F-455A-95A6-885F3568B38F}"
EndProject
Project("{FAE04EC0-301F-11D3-BF4B-00C04F79EFBC}") = "Crm04.Api", "src\Crm04.Api\Crm04.Api.csproj", "{E856FF93-EABC-4783-8CFF-5D13FA943761}"
EndProject
Project("{FAE04EC0-301F-11D3-BF4B-00C04F79EFBC}") = "Crm04.Domain", "src\Crm04.Domain\Crm04.Domain.csproj", "{239DE1CC-B73A-4235-AA7D-F0ABA1126318}"
EndProject
Project("{FAE04EC0-301F-11D3-BF4B-00C04F79EFBC}") = "Crm04.Feeder", "src\Crm04.Feeder\Crm04.Feeder.csproj", "{9AF09EC9-41D1-49A7-A2A8-6883092C7BFD}"
EndProject
Project("{FAE04EC0-301F-11D3-BF4B-00C04F79EFBC}") = "Crm04.Persistence", "src\Crm04.Persistence\Crm04.Persistence.csproj", "{1713261B-3155-4A7F-9009-EA847A71CC4E}"
EndProject
Project("{FAE04EC0-301F-11D3-BF4B-00C04F79EFBC}") = "Crm04.Tools.Replay", "src\Crm04.Tools.Replay\Crm04.Tools.Replay.csproj", "{EA5AE32D-6978-40F9-8646-0121B06F7743}"
EndProject
Project("{FAE04EC0-301F-11D3-BF4B-00C04F79EFBC}") = "Crm04.Web", "src\Crm04.Web\Crm04.Web.csproj", "{7B7910FA-931B-48AB-BC6F-FC3BEC27B516}"
EndProject
Project("{2150E333-8FDC-42A3-9474-1A3956D46DE8}") = "tests", "tests", "{2F64B999-6D96-4234-B111-88BFA084EDE2}"
EndProject
Project("{FAE04EC0-301F-11D3-BF4B-00C04F79EFBC}") = "Crm04.Api.Tests", "tests\Crm04.Api.Tests\Crm04.Api.Tests.csproj", "{AE3D7FE0-0272-4F53-B833-4393065AB76C}"
EndProject
Project("{FAE04EC0-301F-11D3-BF4B-00C04F79EFBC}") = "Crm04.Domain.Tests", "tests\Crm04.Domain.Tests\Crm04.Domain.Tests.csproj", "{8E6D663A-9612-4760-ACF7-8DA04D44EA89}"
EndProject
Project("{FAE04EC0-301F-11D3-BF4B-00C04F79EFBC}") = "Crm04.Persistence.Tests", "tests\Crm04.Persistence.Tests\Crm04.Persistence.Tests.csproj", "{EE4338A9-02AE-4799-86AD-74F6FEAAD626}"
EndProject
Project("{FAE04EC0-301F-11D3-BF4B-00C04F79EFBC}") = "Crm04.Contracts", "src\Crm04.Contracts\Crm04.Contracts.csproj", "{6DC7500E-5981-48B6-BE63-33D5417C30F7}"
EndProject
Global
	GlobalSection(SolutionConfigurationPlatforms) = preSolution
		Debug|Any CPU = Debug|Any CPU
		Release|Any CPU = Release|Any CPU
	EndGlobalSection
	GlobalSection(SolutionProperties) = preSolution
		HideSolutionNode = FALSE
	EndGlobalSection
	GlobalSection(ProjectConfigurationPlatforms) = postSolution
		{E856FF93-EABC-4783-8CFF-5D13FA943761}.Debug|Any CPU.ActiveCfg = Debug|Any CPU
		{E856FF93-EABC-4783-8CFF-5D13FA943761}.Debug|Any CPU.Build.0 = Debug|Any CPU
		{E856FF93-EABC-4783-8CFF-5D13FA943761}.Release|Any CPU.ActiveCfg = Release|Any CPU
		{E856FF93-EABC-4783-8CFF-5D13FA943761}.Release|Any CPU.Build.0 = Release|Any CPU
		{239DE1CC-B73A-4235-AA7D-F0ABA1126318}.Debug|Any CPU.ActiveCfg = Debug|Any CPU
		{239DE1CC-B73A-4235-AA7D-F0ABA1126318}.Debug|Any CPU.Build.0 = Debug|Any CPU
		{239DE1CC-B73A-4235-AA7D-F0ABA1126318}.Release|Any CPU.ActiveCfg = Release|Any CPU
		{239DE1CC-B73A-4235-AA7D-F0ABA1126318}.Release|Any CPU.Build.0 = Release|Any CPU
		{9AF09EC9-41D1-49A7-A2A8-6883092C7BFD}.Debug|Any CPU.ActiveCfg = Debug|Any CPU
		{9AF09EC9-41D1-49A7-A2A8-6883092C7BFD}.Debug|Any CPU.Build.0 = Debug|Any CPU
		{9AF09EC9-41D1-49A7-A2A8-6883092C7BFD}.Release|Any CPU.ActiveCfg = Release|Any CPU
		{9AF09EC9-41D1-49A7-A2A8-6883092C7BFD}.Release|Any CPU.Build.0 = Release|Any CPU
		{1713261B-3155-4A7F-9009-EA847A71CC4E}.Debug|Any CPU.ActiveCfg = Debug|Any CPU
		{1713261B-3155-4A7F-9009-EA847A71CC4E}.Debug|Any CPU.Build.0 = Debug|Any CPU
		{1713261B-3155-4A7F-9009-EA847A71CC4E}.Release|Any CPU.ActiveCfg = Release|Any CPU
		{1713261B-3155-4A7F-9009-EA847A71CC4E}.Release|Any CPU.Build.0 = Release|Any CPU
		{EA5AE32D-6978-40F9-8646-0121B06F7743}.Debug|Any CPU.ActiveCfg = Debug|Any CPU
		{EA5AE32D-6978-40F9-8646-0121B06F7743}.Debug|Any CPU.Build.0 = Debug|Any CPU
		{EA5AE32D-6978-40F9-8646-0121B06F7743}.Release|Any CPU.ActiveCfg = Release|Any CPU
		{EA5AE32D-6978-40F9-8646-0121B06F7743}.Release|Any CPU.Build.0 = Release|Any CPU
		{7B7910FA-931B-48AB-BC6F-FC3BEC27B516}.Debug|Any CPU.ActiveCfg = Debug|Any CPU
		{7B7910FA-931B-48AB-BC6F-FC3BEC27B516}.Debug|Any CPU.Build.0 = Debug|Any CPU
		{7B7910FA-931B-48AB-BC6F-FC3BEC27B516}.Release|Any CPU.ActiveCfg = Release|Any CPU
		{7B7910FA-931B-48AB-BC6F-FC3BEC27B516}.Release|Any CPU.Build.0 = Release|Any CPU
		{AE3D7FE0-0272-4F53-B833-4393065AB76C}.Debug|Any CPU.ActiveCfg = Debug|Any CPU
		{AE3D7FE0-0272-4F53-B833-4393065AB76C}.Debug|Any CPU.Build.0 = Debug|Any CPU
		{AE3D7FE0-0272-4F53-B833-4393065AB76C}.Release|Any CPU.ActiveCfg = Release|Any CPU
		{AE3D7FE0-0272-4F53-B833-4393065AB76C}.Release|Any CPU.Build.0 = Release|Any CPU
		{8E6D663A-9612-4760-ACF7-8DA04D44EA89}.Debug|Any CPU.ActiveCfg = Debug|Any CPU
		{8E6D663A-9612-4760-ACF7-8DA04D44EA89}.Debug|Any CPU.Build.0 = Debug|Any CPU
		{8E6D663A-9612-4760-ACF7-8DA04D44EA89}.Release|Any CPU.ActiveCfg = Release|Any CPU
		{8E6D663A-9612-4760-ACF7-8DA04D44EA89}.Release|Any CPU.Build.0 = Release|Any CPU
		{EE4338A9-02AE-4799-86AD-74F6FEAAD626}.Debug|Any CPU.ActiveCfg = Debug|Any CPU
		{EE4338A9-02AE-4799-86AD-74F6FEAAD626}.Debug|Any CPU.Build.0 = Debug|Any CPU
		{EE4338A9-02AE-4799-86AD-74F6FEAAD626}.Release|Any CPU.ActiveCfg = Release|Any CPU
		{EE4338A9-02AE-4799-86AD-74F6FEAAD626}.Release|Any CPU.Build.0 = Release|Any CPU
		{6DC7500E-5981-48B6-BE63-33D5417C30F7}.Debug|Any CPU.ActiveCfg = Debug|Any CPU
		{6DC7500E-5981-48B6-BE63-33D5417C30F7}.Debug|Any CPU.Build.0 = Debug|Any CPU
		{6DC7500E-5981-48B6-BE63-33D5417C30F7}.Release|Any CPU.ActiveCfg = Release|Any CPU
		{6DC7500E-5981-48B6-BE63-33D5417C30F7}.Release|Any CPU.Build.0 = Release|Any CPU
	EndGlobalSection
	GlobalSection(NestedProjects) = preSolution
		{E856FF93-EABC-4783-8CFF-5D13FA943761} = {E91BA501-8B5F-455A-95A6-885F3568B38F}
		{239DE1CC-B73A-4235-AA7D-F0ABA1126318} = {E91BA501-8B5F-455A-95A6-885F3568B38F}
		{9AF09EC9-41D1-49A7-A2A8-6883092C7BFD} = {E91BA501-8B5F-455A-95A6-885F3568B38F}
		{1713261B-3155-4A7F-9009-EA847A71CC4E} = {E91BA501-8B5F-455A-95A6-885F3568B38F}
		{EA5AE32D-6978-40F9-8646-0121B06F7743} = {E91BA501-8B5F-455A-95A6-885F3568B38F}
		{7B7910FA-931B-48AB-BC6F-FC3BEC27B516} = {E91BA501-8B5F-455A-95A6-885F3568B38F}
		{AE3D7FE0-0272-4F53-B833-4393065AB76C} = {2F64B999-6D96-4234-B111-88BFA084EDE2}
		{8E6D663A-9612-4760-ACF7-8DA04D44EA89} = {2F64B999-6D96-4234-B111-88BFA084EDE2}
		{EE4338A9-02AE-4799-86AD-74F6FEAAD626} = {2F64B999-6D96-4234-B111-88BFA084EDE2}
		{6DC7500E-5981-48B6-BE63-33D5417C30F7} = {E91BA501-8B5F-455A-95A6-885F3568B38F}
	EndGlobalSection
EndGlobal
